PODS:
  - GEContinuousIntegration (0.1.4)

DEPENDENCIES:
  - GEContinuousIntegration (~> 0.1)

SPEC REPOS:
  https://github.com/grigorye/podspecs.git:
    - GEContinuousIntegration

SPEC CHECKSUMS:
  GEContinuousIntegration: cf34074a2e5e907195763903915a37d68479de3e

PODFILE CHECKSUM: 6d6735004e3397b04a6f13d6a6be7150f1756aa1

COCOAPODS: 1.12.0
